
Microsoft Visual Studio Solution File, Format Version 12.00
# Visual Studio Version 17
VisualStudioVersion = 17.0.32112.339
MinimumVisualStudioVersion = 10.0.40219.1
Project("{9A19103F-16F7-4668-BE54-9A1E7A4F7556}") = "DurableMediator", "DurableMediator\DurableMediator.csproj", "{C3FA4C74-1DD1-4E0A-A579-D442A88BCC49}"
EndProject
Project("{9A19103F-16F7-4668-BE54-9A1E7A4F7556}") = "WorkflowFunctionApp", "..\example\WorkflowFunctionApp\WorkflowFunctionApp.csproj", "{B5C137EE-0044-4FE3-9997-9CDD57CBB40F}"
EndProject
Project("{9A19103F-16F7-4668-BE54-9A1E7A4F7556}") = "WorkflowFunctionApp.Tests", "..\example\WorkflowFunctionApp.Tests\WorkflowFunctionApp.Tests.csproj", "{7045B1B5-F7E8-4EA5-8214-5300E7D8C32C}"
EndProject
Project("{9A19103F-16F7-4668-BE54-9A1E7A4F7556}") = "OutOfProcessFunctionApp", "..\example\OutOfProcessFunctionApp\OutOfProcessFunctionApp.csproj", "{17BFFC74-7B24-4A98-A034-B181D9D842EA}"
EndProject
Project("{9A19103F-16F7-4668-BE54-9A1E7A4F7556}") = "DurableMediator.OutOfProcess", "DurableMediator.OutOfProcess\DurableMediator.OutOfProcess.csproj", "{9DB7D1DF-D81B-457B-A6C4-50AA99B6C970}"
EndProject
Project("{9A19103F-16F7-4668-BE54-9A1E7A4F7556}") = "WorkflowHandlers", "..\example\WorkflowHandlers\WorkflowHandlers.csproj", "{43630A42-3E95-4028-B727-347FB2D6B854}"
EndProject
Project("{9A19103F-16F7-4668-BE54-9A1E7A4F7556}") = "OutOfProcessFunctionApp.Package", "..\example\OutOfProcessFunctionApp.Package\OutOfProcessFunctionApp.Package.csproj", "{006041B5-4D71-4CA0-98EF-2A1C65CD326F}"
EndProject
Project("{9A19103F-16F7-4668-BE54-9A1E7A4F7556}") = "OutOfProcessFunctionApp.Tests", "..\example\OutOfProcessFunctionApp.Tests\OutOfProcessFunctionApp.Tests.csproj", "{D992E90B-C7BE-40CE-9DAD-E38B7D87DA4A}"
EndProject
Project("{FAE04EC0-301F-11D3-BF4B-00C04F79EFBC}") = "DurableMediator.OutOfProcess.Testing", "DurableMediator.OutOfProcess.Testing\DurableMediator.OutOfProcess.Testing.csproj", "{A6827E31-E5E5-4B7D-ABA3-2B0BC513B5BD}"
EndProject
Project("{2150E333-8FDC-42A3-9474-1A3956D46DE8}") = ".NET6.0", ".NET6.0", "{B5274946-A92A-432A-B523-416E2061BE9A}"
EndProject
Project("{2150E333-8FDC-42A3-9474-1A3956D46DE8}") = ".NET8.0-functions", ".NET8.0-functions", "{48F58835-19AC-4ACC-AE49-C518276AC777}"
EndProject
Project("{2150E333-8FDC-42A3-9474-1A3956D46DE8}") = ".NET8.0-hostedservices", ".NET8.0-hostedservices", "{F54590A9-1DB2-4695-AE24-D886231D58E6}"
EndProject
Project("{FAE04EC0-301F-11D3-BF4B-00C04F79EFBC}") = "DurableMediator.HostedService", "DurableMediator.HostedService\DurableMediator.HostedService.csproj", "{03B47A37-374A-4B96-BBB8-557F8F2A1786}"
EndProject
Project("{FAE04EC0-301F-11D3-BF4B-00C04F79EFBC}") = "HostedServiceWebApp", "..\example\HostedServiceWebApp\HostedServiceWebApp.csproj", "{6078A41B-C4EB-41E0-9C70-4BE35523D9A2}"
EndProject
Global
	GlobalSection(SolutionConfigurationPlatforms) = preSolution
		Debug|Any CPU = Debug|Any CPU
		Release|Any CPU = Release|Any CPU
	EndGlobalSection
	GlobalSection(ProjectConfigurationPlatforms) = postSolution
		{C3FA4C74-1DD1-4E0A-A579-D442A88BCC49}.Debug|Any CPU.ActiveCfg = Debug|Any CPU
		{C3FA4C74-1DD1-4E0A-A579-D442A88BCC49}.Debug|Any CPU.Build.0 = Debug|Any CPU
		{C3FA4C74-1DD1-4E0A-A579-D442A88BCC49}.Release|Any CPU.ActiveCfg = Release|Any CPU
		{C3FA4C74-1DD1-4E0A-A579-D442A88BCC49}.Release|Any CPU.Build.0 = Release|Any CPU
		{B5C137EE-0044-4FE3-9997-9CDD57CBB40F}.Debug|Any CPU.ActiveCfg = Debug|Any CPU
		{B5C137EE-0044-4FE3-9997-9CDD57CBB40F}.Debug|Any CPU.Build.0 = Debug|Any CPU
		{B5C137EE-0044-4FE3-9997-9CDD57CBB40F}.Release|Any CPU.ActiveCfg = Release|Any CPU
		{B5C137EE-0044-4FE3-9997-9CDD57CBB40F}.Release|Any CPU.Build.0 = Release|Any CPU
		{7045B1B5-F7E8-4EA5-8214-5300E7D8C32C}.Debug|Any CPU.ActiveCfg = Debug|Any CPU
		{7045B1B5-F7E8-4EA5-8214-5300E7D8C32C}.Debug|Any CPU.Build.0 = Debug|Any CPU
		{7045B1B5-F7E8-4EA5-8214-5300E7D8C32C}.Release|Any CPU.ActiveCfg = Release|Any CPU
		{7045B1B5-F7E8-4EA5-8214-5300E7D8C32C}.Release|Any CPU.Build.0 = Release|Any CPU
		{17BFFC74-7B24-4A98-A034-B181D9D842EA}.Debug|Any CPU.ActiveCfg = Debug|Any CPU
		{17BFFC74-7B24-4A98-A034-B181D9D842EA}.Debug|Any CPU.Build.0 = Debug|Any CPU
		{17BFFC74-7B24-4A98-A034-B181D9D842EA}.Release|Any CPU.ActiveCfg = Release|Any CPU
		{17BFFC74-7B24-4A98-A034-B181D9D842EA}.Release|Any CPU.Build.0 = Release|Any CPU
		{9DB7D1DF-D81B-457B-A6C4-50AA99B6C970}.Debug|Any CPU.ActiveCfg = Debug|Any CPU
		{9DB7D1DF-D81B-457B-A6C4-50AA99B6C970}.Debug|Any CPU.Build.0 = Debug|Any CPU
		{9DB7D1DF-D81B-457B-A6C4-50AA99B6C970}.Release|Any CPU.ActiveCfg = Release|Any CPU
		{9DB7D1DF-D81B-457B-A6C4-50AA99B6C970}.Release|Any CPU.Build.0 = Release|Any CPU
		{43630A42-3E95-4028-B727-347FB2D6B854}.Debug|Any CPU.ActiveCfg = Debug|Any CPU
		{43630A42-3E95-4028-B727-347FB2D6B854}.Debug|Any CPU.Build.0 = Debug|Any CPU
		{43630A42-3E95-4028-B727-347FB2D6B854}.Release|Any CPU.ActiveCfg = Release|Any CPU
		{43630A42-3E95-4028-B727-347FB2D6B854}.Release|Any CPU.Build.0 = Release|Any CPU
		{006041B5-4D71-4CA0-98EF-2A1C65CD326F}.Debug|Any CPU.ActiveCfg = Debug|Any CPU
		{006041B5-4D71-4CA0-98EF-2A1C65CD326F}.Debug|Any CPU.Build.0 = Debug|Any CPU
		{006041B5-4D71-4CA0-98EF-2A1C65CD326F}.Release|Any CPU.ActiveCfg = Release|Any CPU
		{006041B5-4D71-4CA0-98EF-2A1C65CD326F}.Release|Any CPU.Build.0 = Release|Any CPU
		{D992E90B-C7BE-40CE-9DAD-E38B7D87DA4A}.Debug|Any CPU.ActiveCfg = Debug|Any CPU
		{D992E90B-C7BE-40CE-9DAD-E38B7D87DA4A}.Debug|Any CPU.Build.0 = Debug|Any CPU
		{D992E90B-C7BE-40CE-9DAD-E38B7D87DA4A}.Release|Any CPU.ActiveCfg = Release|Any CPU
		{D992E90B-C7BE-40CE-9DAD-E38B7D87DA4A}.Release|Any CPU.Build.0 = Release|Any CPU
		{A6827E31-E5E5-4B7D-ABA3-2B0BC513B5BD}.Debug|Any CPU.ActiveCfg = Debug|Any CPU
		{A6827E31-E5E5-4B7D-ABA3-2B0BC513B5BD}.Debug|Any CPU.Build.0 = Debug|Any CPU
		{A6827E31-E5E5-4B7D-ABA3-2B0BC513B5BD}.Release|Any CPU.ActiveCfg = Release|Any CPU
		{A6827E31-E5E5-4B7D-ABA3-2B0BC513B5BD}.Release|Any CPU.Build.0 = Release|Any CPU
		{03B47A37-374A-4B96-BBB8-557F8F2A1786}.Debug|Any CPU.ActiveCfg = Debug|Any CPU
		{03B47A37-374A-4B96-BBB8-557F8F2A1786}.Debug|Any CPU.Build.0 = Debug|Any CPU
		{03B47A37-374A-4B96-BBB8-557F8F2A1786}.Release|Any CPU.ActiveCfg = Release|Any CPU
		{03B47A37-374A-4B96-BBB8-557F8F2A1786}.Release|Any CPU.Build.0 = Release|Any CPU
		{6078A41B-C4EB-41E0-9C70-4BE35523D9A2}.Debug|Any CPU.ActiveCfg = Debug|Any CPU
		{6078A41B-C4EB-41E0-9C70-4BE35523D9A2}.Debug|Any CPU.Build.0 = Debug|Any CPU
		{6078A41B-C4EB-41E0-9C70-4BE35523D9A2}.Release|Any CPU.ActiveCfg = Release|Any CPU
		{6078A41B-C4EB-41E0-9C70-4BE35523D9A2}.Release|Any CPU.Build.0 = Release|Any CPU
	EndGlobalSection
	GlobalSection(SolutionProperties) = preSolution
		HideSolutionNode = FALSE
	EndGlobalSection
	GlobalSection(NestedProjects) = preSolution
		{C3FA4C74-1DD1-4E0A-A579-D442A88BCC49} = {B5274946-A92A-432A-B523-416E2061BE9A}
		{B5C137EE-0044-4FE3-9997-9CDD57CBB40F} = {B5274946-A92A-432A-B523-416E2061BE9A}
		{7045B1B5-F7E8-4EA5-8214-5300E7D8C32C} = {B5274946-A92A-432A-B523-416E2061BE9A}
		{17BFFC74-7B24-4A98-A034-B181D9D842EA} = {48F58835-19AC-4ACC-AE49-C518276AC777}
		{9DB7D1DF-D81B-457B-A6C4-50AA99B6C970} = {48F58835-19AC-4ACC-AE49-C518276AC777}
		{006041B5-4D71-4CA0-98EF-2A1C65CD326F} = {48F58835-19AC-4ACC-AE49-C518276AC777}
		{D992E90B-C7BE-40CE-9DAD-E38B7D87DA4A} = {48F58835-19AC-4ACC-AE49-C518276AC777}
		{A6827E31-E5E5-4B7D-ABA3-2B0BC513B5BD} = {48F58835-19AC-4ACC-AE49-C518276AC777}
		{03B47A37-374A-4B96-BBB8-557F8F2A1786} = {F54590A9-1DB2-4695-AE24-D886231D58E6}
		{6078A41B-C4EB-41E0-9C70-4BE35523D9A2} = {F54590A9-1DB2-4695-AE24-D886231D58E6}
	EndGlobalSection
	GlobalSection(ExtensibilityGlobals) = postSolution
		SolutionGuid = {BCE5C192-E712-4D54-82AC-B6EA7B8B56CA}
	EndGlobalSection
EndGlobal
